
Microsoft Visual Studio Solution File, Format Version 12.00
# Visual Studio Version 17
VisualStudioVersion = 17.5.33424.131
MinimumVisualStudioVersion = 10.0.40219.1
Project("{FAE04EC0-301F-11D3-BF4B-00C04F79EFBC}") = "SE2", "SE2\SE2.csproj", "{381E897C-7906-4650-9BD2-8879DA3B97ED}"
EndProject
Global
	GlobalSection(SolutionConfigurationPlatforms) = preSolution
		Debug|Any CPU = Debug|Any CPU
		Release|Any CPU = Release|Any CPU
	EndGlobalSection
	GlobalSection(ProjectConfigurationPlatforms) = postSolution
		{381E897C-7906-4650-9BD2-8879DA3B97ED}.Debug|Any CPU.ActiveCfg = Debug|Any CPU
		{381E897C-7906-4650-9BD2-8879DA3B97ED}.Debug|Any CPU.Build.0 = Debug|Any CPU
		{381E897C-7906-4650-9BD2-8879DA3B97ED}.Release|Any CPU.ActiveCfg = Release|Any CPU
		{381E897C-7906-4650-9BD2-8879DA3B97ED}.Release|Any CPU.Build.0 = Release|Any CPU
	EndGlobalSection
	GlobalSection(SolutionProperties) = preSolution
		HideSolutionNode = FALSE
	EndGlobalSection
	GlobalSection(ExtensibilityGlobals) = postSolution
		SolutionGuid = {8DB9A9D6-6154-4710-987A-61E0B43870A0}
	EndGlobalSection
EndGlobal
